
Microsoft Visual Studio Solution File, Format Version 12.00
# Visual Studio Version 16
VisualStudioVersion = 25.0.1706.11
MinimumVisualStudioVersion = 10.0.40219.1
Project("{FAE04EC0-301F-11D3-BF4B-00C04F79EFBC}") = "SimpleASPLogin", "SimpleASPLogin.csproj", "{5F6E303E-309A-4B58-9534-812DA2D1C6FC}"
EndProject
Project("{2150E333-8FDC-42A3-9474-1A3956D46DE8}") = "Solution Items", "Solution Items", "{FA370883-3095-44F5-BBBC-DF7563484593}"
	ProjectSection(SolutionItems) = preProject
		HttpRequestExtensions.cs = HttpRequestExtensions.cs
	EndProjectSection
EndProject
Global
	GlobalSection(SolutionConfigurationPlatforms) = preSolution
		Debug|Any CPU = Debug|Any CPU
		Release|Any CPU = Release|Any CPU
	EndGlobalSection
	GlobalSection(ProjectConfigurationPlatforms) = postSolution
		{5F6E303E-309A-4B58-9534-812DA2D1C6FC}.Debug|Any CPU.ActiveCfg = Debug|Any CPU
		{5F6E303E-309A-4B58-9534-812DA2D1C6FC}.Debug|Any CPU.Build.0 = Debug|Any CPU
		{5F6E303E-309A-4B58-9534-812DA2D1C6FC}.Release|Any CPU.ActiveCfg = Release|Any CPU
		{5F6E303E-309A-4B58-9534-812DA2D1C6FC}.Release|Any CPU.Build.0 = Release|Any CPU
	EndGlobalSection
	GlobalSection(SolutionProperties) = preSolution
		HideSolutionNode = FALSE
	EndGlobalSection
	GlobalSection(ExtensibilityGlobals) = postSolution
		SolutionGuid = {BEC10E51-F1AA-4456-B822-A46A36E7FB51}
	EndGlobalSection
EndGlobal
